{
  "name": "learn-npm-exec-and-npm-init",
  "version": "1.0.0",
  "lockfileVersion": 2,
  "requires": true,
  "packages": {
    "": {
      "name": "learn-npm-exec-and-npm-init",
      "version": "1.0.0",
      "license": "ISC",
      "dependencies": {
        "foo": "file:local-packages/foo"
      }
    },
    "local-packages/foo": {
      "bin": {
        "hello": "hello.js"
      }
    },
    "node_modules/foo": {
      "resolved": "local-packages/foo",
      "link": true
    }
  },
  "dependencies": {
    "foo": {
      "version": "file:local-packages/foo"
    }
  }
}
